{
    archiveVersion = 1;
    classes = {
    };
    objectVersion = 56;
    objects = {
	041009AF7DBA913F79CB4169 = {
	    buildPhases = (
		3BB352EC78C2954A7A91731C,
		5940B394943E2EEEFECE7DC6,
		5CF0D30F4FD2417FFC99942B
	    );
	    buildRules = (
	    );
	    dependencies = (
	    );
	    isa = PBXNativeTarget;
	    name = TestFlattenedPlist;
	    productName = TestFlattenedPlist;
	    productReference = 4B29DB410EF75270D9B98551;
	    productType = "com.apple.product-type.tool";
	};
	1AD4677E529920791F108C8E = {
	    children = (
		FA4F61B51936D4C19EC03683,
		769263A48EDDD33DC17EC08E
	    );
	    isa = PBXGroup;
	    sourceTree = "<group>";
	};
	3BB352EC78C2954A7A91731C = {
	    buildActionMask = 2147483647;
	    files = (
		CA7D45C8D1A434B7BE702E43
	    );
	    isa = PBXSourcesBuildPhase;
	    runOnlyForDeploymentPostprocessing = 0;
	    showEnvVarsInLog = <*I0>;
	};
	3FCA94877808F01D434AF929 = {
	    compatibilityVersion = "Xcode 14.0";
	    developmentRegion = en;
	    hasScannedForEncodings = 0;
	    isa = PBXProject;
	    knownRegions = (
	    );
	    mainGroup = 1AD4677E529920791F108C8E;
	    productRefGroup = 85BBE67DA591BE124101F4DD;
	    projectDirPath = "";
	    projectRoot = "";
	    targets = (
		041009AF7DBA913F79CB4169
	    );
	};
	4B29DB410EF75270D9B98551 = {
	    explicitFileType = "compiled.mach-o.executable";
	    isa = PBXFileReference;
	    path = TestFlattenedPlist;
	    sourceTree = "BUILT_PRODUCTS_DIR";
	};
	5940B394943E2EEEFECE7DC6 = {
	    buildActionMask = 2147483647;
	    files = (
	    );
	    isa = PBXFrameworksBuildPhase;
	    runOnlyForDeploymentPostprocessing = 0;
	    showEnvVarsInLog = <*I0>;
	};
	5CF0D30F4FD2417FFC99942B = {
	    buildActionMask = 2147483647;
	    dstPath = "/usr/share/man/man1/";
	    dstSubfolderSpec = 0;
	    files = (
	    );
	    isa = PBXCopyFilesBuildPhase;
	    runOnlyForDeploymentPostprocessing = 1;
	    showEnvVarsInLog = <*I0>;
	};
	63936894135FFC1E40086BE6 = {
	    isa = PBXFileReference;
	    lastKnownFileType = "sourcecode.c.objc";
	    path = "main.m";
	    sourceTree = "<group>";
	};
	769263A48EDDD33DC17EC08E = {
	    children = (
		F950180534A3064EA27F0946
	    );
	    isa = PBXGroup;
	    name = Products;
	    sourceTree = "<group>";
	};
	85BBE67DA591BE124101F4DD = {
	    children = (
		FFFA18035EB76E05186B18DB
	    );
	    isa = PBXGroup;
	    name = Products;
	    sourceTree = "<group>";
	};
	B81F2CEC508664AF10DB17CF = {
	    isa = PBXFileReference;
	    lastKnownFileType = "sourcecode.c.objc";
	    path = "main.m";
	    sourceTree = "<group>";
	};
	CA7D45C8D1A434B7BE702E43 = {
	    fileRef = B81F2CEC508664AF10DB17CF;
	    isa = PBXBuildFile;
	};
	F950180534A3064EA27F0946 = {
	    explicitFileType = "compiled.mach-o.executable";
	    isa = PBXFileReference;
	    path = TestFlattenedPlist;
	    sourceTree = "BUILT_PRODUCTS_DIR";
	};
	FA4F61B51936D4C19EC03683 = {
	    children = (
		63936894135FFC1E40086BE6
	    );
	    isa = PBXGroup;
	    path = TestFlattenedPlist;
	    sourceTree = "<group>";
	};
	FFFA18035EB76E05186B18DB = {
	    explicitFileType = "compiled.mach-o.executable";
	    isa = PBXFileReference;
	    path = TestFlattenedPlist;
	    sourceTree = "BUILT_PRODUCTS_DIR";
	};
    };
    rootObject = 3FCA94877808F01D434AF929;
}