{
    archiveVersion = 1;
    classes = {
    };
    objectVersion = 56;
    objects = {
	02ED5577AFA7B716B88D9D6A = {
	    children = (
		9781A5E5C609EB59B204B19F
	    );
	    isa = PBXGroup;
	    name = Products;
	    sourceTree = "<group>";
	};
	046F17DB31FB1ABA70B62A17 = {
	    buildActionMask = 2147483647;
	    files = (
		E06AA5FF9162DFE485683D6C
	    );
	    isa = PBXSourcesBuildPhase;
	    runOnlyForDeploymentPostprocessing = 0;
	};
	1251AFE04322D2FD2EC84D78 = {
	    buildPhases = (
		046F17DB31FB1ABA70B62A17,
		DD5A8F4BEC053542EDAC406F,
		ED60DB07B3E30F148D625114
	    );
	    buildRules = (
	    );
	    dependencies = (
	    );
	    isa = PBXNativeTarget;
	    name = TestFlattenedPlist;
	    productName = TestFlattenedPlist;
	    productReference = 41FBB6918EE60BD22443B1BB;
	    productType = "com.apple.product-type.tool";
	};
	41FBB6918EE60BD22443B1BB = {
	    explicitFileType = "compiled.mach-o.executable";
	    isa = PBXFileReference;
	    path = TestFlattenedPlist;
	    sourceTree = "BUILT_PRODUCTS_DIR";
	};
	6CC9020B727BA627FB207202 = {
	    explicitFileType = "compiled.mach-o.executable";
	    isa = PBXFileReference;
	    path = TestFlattenedPlist;
	    sourceTree = "BUILT_PRODUCTS_DIR";
	};
	96ED89E329DB7AF210848AA9 = {
	    children = (
		6CC9020B727BA627FB207202
	    );
	    isa = PBXGroup;
	    name = Products;
	    sourceTree = "<group>";
	};
	9781A5E5C609EB59B204B19F = {
	    explicitFileType = "compiled.mach-o.executable";
	    isa = PBXFileReference;
	    path = TestFlattenedPlist;
	    sourceTree = "BUILT_PRODUCTS_DIR";
	};
	AC68392BB8583AA7D622F49A = {
	    children = (
		BC948B2347FF0F6D96491843,
		02ED5577AFA7B716B88D9D6A
	    );
	    isa = PBXGroup;
	    sourceTree = "<group>";
	};
	BC948B2347FF0F6D96491843 = {
	    children = (
		CE41C9829839EFE9A7F901C9
	    );
	    isa = PBXGroup;
	    path = TestFlattenedPlist;
	    sourceTree = "<group>";
	};
	CE41C9829839EFE9A7F901C9 = {
	    isa = PBXFileReference;
	    lastKnownFileType = "sourcecode.c.objc";
	    path = "main.m";
	    sourceTree = "<group>";
	};
	D88DF6B080C954F67C4B5276 = {
	    isa = PBXFileReference;
	    lastKnownFileType = "sourcecode.c.objc";
	    path = "main.m";
	    sourceTree = "<group>";
	};
	D8AD85F5D3737BB38E5135C3 = {
	    compatibilityVersion = "Xcode 14.0";
	    developmentRegion = en;
	    hasScannedForEncodings = 0;
	    isa = PBXProject;
	    knownRegions = (
	    );
	    mainGroup = AC68392BB8583AA7D622F49A;
	    productRefGroup = 96ED89E329DB7AF210848AA9;
	    projectDirPath = "";
	    projectRoot = "";
	    targets = (
		1251AFE04322D2FD2EC84D78
	    );
	};
	DD5A8F4BEC053542EDAC406F = {
	    buildActionMask = 2147483647;
	    files = (
	    );
	    isa = PBXFrameworksBuildPhase;
	    runOnlyForDeploymentPostprocessing = 0;
	};
	E06AA5FF9162DFE485683D6C = {
	    fileRef = D88DF6B080C954F67C4B5276;
	    isa = PBXBuildFile;
	};
	ED60DB07B3E30F148D625114 = {
	    buildActionMask = 2147483647;
	    dstPath = "/usr/share/man/man1/";
	    dstSubfolderSpec = 0;
	    files = (
	    );
	    isa = PBXCopyFilesBuildPhase;
	    runOnlyForDeploymentPostprocessing = 1;
	};
    };
    rootObject = D8AD85F5D3737BB38E5135C3;
}