{
    archiveVersion = 1;
    classes = {
    };
    objectVersion = 56;
    objects = {
	"1C872145-5FCE-6606-7522-B18AD0E9980E" = {
	    children = (
		"BF5DE408-691F-0303-50C4-1288BFB6CADB"
	    );
	    isa = PBXGroup;
	    name = Products;
	    sourceTree = "<group>";
	};
	"228B86E8-7C67-1B0B-4911-80CE6171D93C" = {
	    isa = XCBuildConfiguration;
	    name = Debug;
	};
	"228DFCB4-FB4F-B202-4DA5-BFE74DDC5F73" = {
	    buildActionMask = 2147483647;
	    files = (
	    );
	    isa = PBXFrameworksBuildPhase;
	    runOnlyForDeploymentPostprocessing = 0;
	};
	"2C7E07E1-D6D4-C000-71CC-4384199C6FAE" = {
	    children = (
		"412F0B95-0215-B000-4D29-8B0CCF258471",
		"1C872145-5FCE-6606-7522-B18AD0E9980E"
	    );
	    isa = PBXGroup;
	    sourceTree = "<group>";
	};
	"412F0B95-0215-B000-4D29-8B0CCF258471" = {
	    children = (
		"747DC6A6-328B-4F0F-4177-6AFBBF6E7537"
	    );
	    isa = PBXGroup;
	    path = TestFlattenedPlist;
	    sourceTree = "<group>";
	};
	"4176D970-3C4A-1E0E-7B89-53FCFC4A812D" = {
	    buildConfigurations = (
		"228B86E8-7C67-1B0B-4911-80CE6171D93C"
	    );
	    defaultConfigurationName = Debug;
	    isa = XCConfigurationList;
	};
	"43445C47-B479-0F0F-4FF7-F64CF03C42DE" = {
	    buildActionMask = 2147483647;
	    dstPath = "/usr/share/man/man1/";
	    dstSubfolderSpec = 0;
	    files = (
	    );
	    isa = PBXCopyFilesBuildPhase;
	    runOnlyForDeploymentPostprocessing = 1;
	};
	"48D32890-B7EE-5C0C-5038-30EE941C00A7" = {
	    buildConfigurationList = "4176D970-3C4A-1E0E-7B89-53FCFC4A812D";
	    compatibilityVersion = "Xcode 14.0";
	    developmentRegion = en;
	    hasScannedForEncodings = 0;
	    isa = PBXProject;
	    knownRegions = (
	    );
	    mainGroup = "2C7E07E1-D6D4-C000-71CC-4384199C6FAE";
	    productRefGroup = "E618D792-605D-9101-7880-C36E61D192A4";
	    projectDirPath = "";
	    projectRoot = "";
	    targets = (
		"7EBF69BC-23DC-5A0A-620B-F274B0B855D3"
	    );
	};
	"4AE2C8CC-6E11-1E0E-49D5-5F81D2978704" = {
	    isa = PBXFileReference;
	    lastKnownFileType = "sourcecode.c.objc";
	    path = "main.m";
	    sourceTree = "<group>";
	};
	"4B0CE801-7C26-6404-5295-490769ABB8B8" = {
	    buildActionMask = 2147483647;
	    files = (
		"C64C6DAE-3FD4-F202-584E-FF5AB1043F9A"
	    );
	    isa = PBXSourcesBuildPhase;
	    runOnlyForDeploymentPostprocessing = 0;
	};
	"747DC6A6-328B-4F0F-4177-6AFBBF6E7537" = {
	    isa = PBXFileReference;
	    lastKnownFileType = "sourcecode.c.objc";
	    path = "main.m";
	    sourceTree = "<group>";
	};
	"7EBF69BC-23DC-5A0A-620B-F274B0B855D3" = {
	    buildPhases = (
		"4B0CE801-7C26-6404-5295-490769ABB8B8",
		"228DFCB4-FB4F-B202-4DA5-BFE74DDC5F73",
		"43445C47-B479-0F0F-4FF7-F64CF03C42DE"
	    );
	    buildRules = (
	    );
	    dependencies = (
	    );
	    isa = PBXNativeTarget;
	    name = TestFlattenedPlist;
	    productName = TestFlattenedPlist;
	    productReference = "EA481E9C-7298-F202-5B43-C1EC10222990";
	    productType = "com.apple.product-type.tool";
	};
	"863AEB11-D182-BE0E-69BD-F2C81649363C" = {
	    explicitFileType = "compiled.mach-o.executable";
	    isa = PBXFileReference;
	    path = TestFlattenedPlist;
	    sourceTree = "BUILT_PRODUCTS_DIR";
	};
	"BF5DE408-691F-0303-50C4-1288BFB6CADB" = {
	    explicitFileType = "compiled.mach-o.executable";
	    isa = PBXFileReference;
	    path = TestFlattenedPlist;
	    sourceTree = "BUILT_PRODUCTS_DIR";
	};
	"C64C6DAE-3FD4-F202-584E-FF5AB1043F9A" = {
	    fileRef = "4AE2C8CC-6E11-1E0E-49D5-5F81D2978704";
	    isa = PBXBuildFile;
	};
	"E618D792-605D-9101-7880-C36E61D192A4" = {
	    children = (
		"863AEB11-D182-BE0E-69BD-F2C81649363C"
	    );
	    isa = PBXGroup;
	    name = Products;
	    sourceTree = "<group>";
	};
	"EA481E9C-7298-F202-5B43-C1EC10222990" = {
	    explicitFileType = "compiled.mach-o.executable";
	    isa = PBXFileReference;
	    path = TestFlattenedPlist;
	    sourceTree = "BUILT_PRODUCTS_DIR";
	};
    };
    rootObject = "48D32890-B7EE-5C0C-5038-30EE941C00A7";
}